
Microsoft Visual Studio Solution File, Format Version 12.00
# Visual Studio Version 17
VisualStudioVersion = 17.0.31912.275
MinimumVisualStudioVersion = 10.0.40219.1
Project("{FAE04EC0-301F-11D3-BF4B-00C04F79EFBC}") = "pr 8 kazakov 01.01", "pr 8 kazakov 01.01\pr 8 kazakov 01.01.csproj", "{23CBB3F8-6E52-4C45-B1DC-E85BB6128FA8}"
EndProject
Global
	GlobalSection(SolutionConfigurationPlatforms) = preSolution
		Debug|Any CPU = Debug|Any CPU
		Release|Any CPU = Release|Any CPU
	EndGlobalSection
	GlobalSection(ProjectConfigurationPlatforms) = postSolution
		{23CBB3F8-6E52-4C45-B1DC-E85BB6128FA8}.Debug|Any CPU.ActiveCfg = Debug|Any CPU
		{23CBB3F8-6E52-4C45-B1DC-E85BB6128FA8}.Debug|Any CPU.Build.0 = Debug|Any CPU
		{23CBB3F8-6E52-4C45-B1DC-E85BB6128FA8}.Release|Any CPU.ActiveCfg = Release|Any CPU
		{23CBB3F8-6E52-4C45-B1DC-E85BB6128FA8}.Release|Any CPU.Build.0 = Release|Any CPU
	EndGlobalSection
	GlobalSection(SolutionProperties) = preSolution
		HideSolutionNode = FALSE
	EndGlobalSection
	GlobalSection(ExtensibilityGlobals) = postSolution
		SolutionGuid = {301DBE6E-07BC-4E0D-8424-C0656652C08F}
	EndGlobalSection
EndGlobal
