
Microsoft Visual Studio Solution File, Format Version 12.00
# Visual Studio Version 17
VisualStudioVersion = 17.0.31912.275
MinimumVisualStudioVersion = 10.0.40219.1
Project("{FAE04EC0-301F-11D3-BF4B-00C04F79EFBC}") = "pr 12 kazakov 01.01", "pr 12 kazakov 01.01\pr 12 kazakov 01.01.csproj", "{DD5420A8-0929-4993-8A40-41A45178EA20}"
EndProject
Global
	GlobalSection(SolutionConfigurationPlatforms) = preSolution
		Debug|Any CPU = Debug|Any CPU
		Release|Any CPU = Release|Any CPU
	EndGlobalSection
	GlobalSection(ProjectConfigurationPlatforms) = postSolution
		{DD5420A8-0929-4993-8A40-41A45178EA20}.Debug|Any CPU.ActiveCfg = Debug|Any CPU
		{DD5420A8-0929-4993-8A40-41A45178EA20}.Debug|Any CPU.Build.0 = Debug|Any CPU
		{DD5420A8-0929-4993-8A40-41A45178EA20}.Release|Any CPU.ActiveCfg = Release|Any CPU
		{DD5420A8-0929-4993-8A40-41A45178EA20}.Release|Any CPU.Build.0 = Release|Any CPU
	EndGlobalSection
	GlobalSection(SolutionProperties) = preSolution
		HideSolutionNode = FALSE
	EndGlobalSection
	GlobalSection(ExtensibilityGlobals) = postSolution
		SolutionGuid = {4039461D-FCB0-4B2C-B3CA-431E9F2083BE}
	EndGlobalSection
EndGlobal
